// !$*UTF8*$!
{
	archiveVersion = 1;
	classes = {
	};
	objectVersion = 56;
	objects = {

/* Begin PBXBuildFile section */
		8454CD0529AC4EF900E825C3 /* ios_swiftui_swiftApp.swift in Sources */ = {isa = PBXBuildFile; fileRef = 8454CD0429AC4EF900E825C3 /* ios_swiftui_swiftApp.swift */; };
		8454CD0729AC4EF900E825C3 /* ContentView.swift in Sources */ = {isa = PBXBuildFile; fileRef = 8454CD0629AC4EF900E825C3 /* ContentView.swift */; };
		8454CD0929AC4EFA00E825C3 /* Assets.xcassets in Resources */ = {isa = PBXBuildFile; fileRef = 8454CD0829AC4EFA00E825C3 /* Assets.xcassets */; };
		8454CD0C29AC4EFA00E825C3 /* Preview Assets.xcassets in Resources */ = {isa = PBXBuildFile; fileRef = 8454CD0B29AC4EFA00E825C3 /* Preview Assets.xcassets */; };
		8454CD1629AC4EFA00E825C3 /* ios_swiftui_swiftTests.swift in Sources */ = {isa = PBXBuildFile; fileRef = 8454CD1529AC4EFA00E825C3 /* ios_swiftui_swiftTests.swift */; };
		8454CD2029AC4EFA00E825C3 /* ios_swiftui_swiftUITests.swift in Sources */ = {isa = PBXBuildFile; fileRef = 8454CD1F29AC4EFA00E825C3 /* ios_swiftui_swiftUITests.swift */; };
		8454CD2229AC4EFA00E825C3 /* ios_swiftui_swiftUITestsLaunchTests.swift in Sources */ = {isa = PBXBuildFile; fileRef = 8454CD2129AC4EFA00E825C3 /* ios_swiftui_swiftUITestsLaunchTests.swift */; };
/* End PBXBuildFile section */

/* Begin PBXContainerItemProxy section */
		8454CD1229AC4EFA00E825C3 /* PBXContainerItemProxy */ = {
			isa = PBXContainerItemProxy;
			containerPortal = 8454CCF929AC4EF900E825C3 /* Project object */;
			proxyType = 1;
			remoteGlobalIDString = 8454CD0029AC4EF900E825C3;
			remoteInfo = "ios-swiftui-swift";
		};
		8454CD1C29AC4EFA00E825C3 /* PBXContainerItemProxy */ = {
			isa = PBXContainerItemProxy;
			containerPortal = 8454CCF929AC4EF900E825C3 /* Project object */;
			proxyType = 1;
			remoteGlobalIDString = 8454CD0029AC4EF900E825C3;
			remoteInfo = "ios-swiftui-swift";
		};
/* End PBXContainerItemProxy section */

/* Begin PBXFileReference section */
		8454CD0129AC4EF900E825C3 /* ios-swiftui-swift.app */ = {isa = PBXFileReference; explicitFileType = wrapper.application; includeInIndex = 0; path = "ios-swiftui-swift.app"; sourceTree = BUILT_PRODUCTS_DIR; };
		8454CD0429AC4EF900E825C3 /* ios_swiftui_swiftApp.swift */ = {isa = PBXFileReference; lastKnownFileType = sourcecode.swift; path = ios_swiftui_swiftApp.swift; sourceTree = "<group>"; };
		8454CD0629AC4EF900E825C3 /* ContentView.swift */ = {isa = PBXFileReference; lastKnownFileType = sourcecode.swift; path = ContentView.swift; sourceTree = "<group>"; };
		8454CD0829AC4EFA00E825C3 /* Assets.xcassets */ = {isa = PBXFileReference; lastKnownFileType = folder.assetcatalog; path = Assets.xcassets; sourceTree = "<group>"; };
		8454CD0B29AC4EFA00E825C3 /* Preview Assets.xcassets */ = {isa = PBXFileReference; lastKnownFileType = folder.assetcatalog; path = "Preview Assets.xcassets"; sourceTree = "<group>"; };
		8454CD1129AC4EFA00E825C3 /* ios-swiftui-swiftTests.xctest */ = {isa = PBXFileReference; explicitFileType = wrapper.cfbundle; includeInIndex = 0; path = "ios-swiftui-swiftTests.xctest"; sourceTree = BUILT_PRODUCTS_DIR; };
		8454CD1529AC4EFA00E825C3 /* ios_swiftui_swiftTests.swift */ = {isa = PBXFileReference; lastKnownFileType = sourcecode.swift; path = ios_swiftui_swiftTests.swift; sourceTree = "<group>"; };
		8454CD1B29AC4EFA00E825C3 /* ios-swiftui-swiftUITests.xctest */ = {isa = PBXFileReference; explicitFileType = wrapper.cfbundle; includeInIndex = 0; path = "ios-swiftui-swiftUITests.xctest"; sourceTree = BUILT_PRODUCTS_DIR; };
		8454CD1F29AC4EFA00E825C3 /* ios_swiftui_swiftUITests.swift */ = {isa = PBXFileReference; lastKnownFileType = sourcecode.swift; path = ios_swiftui_swiftUITests.swift; sourceTree = "<group>"; };
		8454CD2129AC4EFA00E825C3 /* ios_swiftui_swiftUITestsLaunchTests.swift */ = {isa = PBXFileReference; lastKnownFileType = sourcecode.swift; path = ios_swiftui_swiftUITestsLaunchTests.swift; sourceTree = "<group>"; };
/* End PBXFileReference section */

/* Begin PBXFrameworksBuildPhase section */
		8454CCFE29AC4EF900E825C3 /* Frameworks */ = {
			isa = PBXFrameworksBuildPhase;
			buildActionMask = 2147483647;
			files = (
			);
			runOnlyForDeploymentPostprocessing = 0;
		};
		8454CD0E29AC4EFA00E825C3 /* Frameworks */ = {
			isa = PBXFrameworksBuildPhase;
			buildActionMask = 2147483647;
			files = (
			);
			runOnlyForDeploymentPostprocessing = 0;
		};
		8454CD1829AC4EFA00E825C3 /* Frameworks */ = {
			isa = PBXFrameworksBuildPhase;
			buildActionMask = 2147483647;
			files = (
			);
			runOnlyForDeploymentPostprocessing = 0;
		};
/* End PBXFrameworksBuildPhase section */

/* Begin PBXGroup section */
		8454CCF829AC4EF900E825C3 = {
			isa = PBXGroup;
			children = (
				8454CD0329AC4EF900E825C3 /* ios-swiftui-swift */,
				8454CD1429AC4EFA00E825C3 /* ios-swiftui-swiftTests */,
				8454CD1E29AC4EFA00E825C3 /* ios-swiftui-swiftUITests */,
				8454CD0229AC4EF900E825C3 /* Products */,
			);
			sourceTree = "<group>";
		};
		8454CD0229AC4EF900E825C3 /* Products */ = {
			isa = PBXGroup;
			children = (
				8454CD0129AC4EF900E825C3 /* ios-swiftui-swift.app */,
				8454CD1129AC4EFA00E825C3 /* ios-swiftui-swiftTests.xctest */,
				8454CD1B29AC4EFA00E825C3 /* ios-swiftui-swiftUITests.xctest */,
			);
			name = Products;
			sourceTree = "<group>";
		};
		8454CD0329AC4EF900E825C3 /* ios-swiftui-swift */ = {
			isa = PBXGroup;
			children = (
				8454CD0429AC4EF900E825C3 /* ios_swiftui_swiftApp.swift */,
				8454CD0629AC4EF900E825C3 /* ContentView.swift */,
				8454CD0829AC4EFA00E825C3 /* Assets.xcassets */,
				8454CD0A29AC4EFA00E825C3 /* Preview Content */,
			);
			path = "ios-swiftui-swift";
			sourceTree = "<group>";
		};
		8454CD0A29AC4EFA00E825C3 /* Preview Content */ = {
			isa = PBXGroup;
			children = (
				8454CD0B29AC4EFA00E825C3 /* Preview Assets.xcassets */,
			);
			path = "Preview Content";
			sourceTree = "<group>";
		};
		8454CD1429AC4EFA00E825C3 /* ios-swiftui-swiftTests */ = {
			isa = PBXGroup;
			children = (
				8454CD1529AC4EFA00E825C3 /* ios_swiftui_swiftTests.swift */,
			);
			path = "ios-swiftui-swiftTests";
			sourceTree = "<group>";
		};
		8454CD1E29AC4EFA00E825C3 /* ios-swiftui-swiftUITests */ = {
			isa = PBXGroup;
			children = (
				8454CD1F29AC4EFA00E825C3 /* ios_swiftui_swiftUITests.swift */,
				8454CD2129AC4EFA00E825C3 /* ios_swiftui_swiftUITestsLaunchTests.swift */,
			);
			path = "ios-swiftui-swiftUITests";
			sourceTree = "<group>";
		};
/* End PBXGroup section */

/* Begin PBXNativeTarget section */
		8454CD0029AC4EF900E825C3 /* ios-swiftui-swift */ = {
			isa = PBXNativeTarget;
			buildConfigurationList = 8454CD2529AC4EFA00E825C3 /* Build configuration list for PBXNativeTarget "ios-swiftui-swift" */;
			buildPhases = (
				8454CCFD29AC4EF900E825C3 /* Sources */,
				8454CCFE29AC4EF900E825C3 /* Frameworks */,
				8454CCFF29AC4EF900E825C3 /* Resources */,
			);
			buildRules = (
			);
			dependencies = (
			);
			name = "ios-swiftui-swift";
			productName = "ios-swiftui-swift";
			productReference = 8454CD0129AC4EF900E825C3 /* ios-swiftui-swift.app */;
			productType = "com.apple.product-type.application";
		};
		8454CD1029AC4EFA00E825C3 /* ios-swiftui-swiftTests */ = {
			isa = PBXNativeTarget;
			buildConfigurationList = 8454CD2829AC4EFA00E825C3 /* Build configuration list for PBXNativeTarget "ios-swiftui-swiftTests" */;
			buildPhases = (
				8454CD0D29AC4EFA00E825C3 /* Sources */,
				8454CD0E29AC4EFA00E825C3 /* Frameworks */,
				8454CD0F29AC4EFA00E825C3 /* Resources */,
			);
			buildRules = (
			);
			dependencies = (
				8454CD1329AC4EFA00E825C3 /* PBXTargetDependency */,
			);
			name = "ios-swiftui-swiftTests";
			productName = "ios-swiftui-swiftTests";
			productReference = 8454CD1129AC4EFA00E825C3 /* ios-swiftui-swiftTests.xctest */;
			productType = "com.apple.product-type.bundle.unit-test";
		};
		8454CD1A29AC4EFA00E825C3 /* ios-swiftui-swiftUITests */ = {
			isa = PBXNativeTarget;
			buildConfigurationList = 8454CD2B29AC4EFA00E825C3 /* Build configuration list for PBXNativeTarget "ios-swiftui-swiftUITests" */;
			buildPhases = (
				8454CD1729AC4EFA00E825C3 /* Sources */,
				8454CD1829AC4EFA00E825C3 /* Frameworks */,
				8454CD1929AC4EFA00E825C3 /* Resources */,
			);
			buildRules = (
			);
			dependencies = (
				8454CD1D29AC4EFA00E825C3 /* PBXTargetDependency */,
			);
			name = "ios-swiftui-swiftUITests";
			productName = "ios-swiftui-swiftUITests";
			productReference = 8454CD1B29AC4EFA00E825C3 /* ios-swiftui-swiftUITests.xctest */;
			productType = "com.apple.product-type.bundle.ui-testing";
		};
/* End PBXNativeTarget section */

/* Begin PBXProject section */
		8454CCF929AC4EF900E825C3 /* Project object */ = {
			isa = PBXProject;
			attributes = {
				BuildIndependentTargetsInParallel = 1;
				LastSwiftUpdateCheck = 1400;
				LastUpgradeCheck = 1400;
				TargetAttributes = {
					8454CD0029AC4EF900E825C3 = {
						CreatedOnToolsVersion = 14.0;
					};
					8454CD1029AC4EFA00E825C3 = {
						CreatedOnToolsVersion = 14.0;
						TestTargetID = 8454CD0029AC4EF900E825C3;
					};
					8454CD1A29AC4EFA00E825C3 = {
						CreatedOnToolsVersion = 14.0;
						TestTargetID = 8454CD0029AC4EF900E825C3;
					};
				};
			};
			buildConfigurationList = 8454CCFC29AC4EF900E825C3 /* Build configuration list for PBXProject "ios-swiftui-swift" */;
			compatibilityVersion = "Xcode 14.0";
			developmentRegion = en;
			hasScannedForEncodings = 0;
			knownRegions = (
				en,
				Base,
			);
			mainGroup = 8454CCF829AC4EF900E825C3;
			productRefGroup = 8454CD0229AC4EF900E825C3 /* Products */;
			projectDirPath = "";
			projectRoot = "";
			targets = (
				8454CD0029AC4EF900E825C3 /* ios-swiftui-swift */,
				8454CD1029AC4EFA00E825C3 /* ios-swiftui-swiftTests */,
				8454CD1A29AC4EFA00E825C3 /* ios-swiftui-swiftUITests */,
			);
		};
/* End PBXProject section */

/* Begin PBXResourcesBuildPhase section */
		8454CCFF29AC4EF900E825C3 /* Resources */ = {
			isa = PBXResourcesBuildPhase;
			buildActionMask = 2147483647;
			files = (
				8454CD0C29AC4EFA00E825C3 /* Preview Assets.xcassets in Resources */,
				8454CD0929AC4EFA00E825C3 /* Assets.xcassets in Resources */,
			);
			runOnlyForDeploymentPostprocessing = 0;
		};
		8454CD0F29AC4EFA00E825C3 /* Resources */ = {
			isa = PBXResourcesBuildPhase;
			buildActionMask = 2147483647;
			files = (
			);
			runOnlyForDeploymentPostprocessing = 0;
		};
		8454CD1929AC4EFA00E825C3 /* Resources */ = {
			isa = PBXResourcesBuildPhase;
			buildActionMask = 2147483647;
			files = (
			);
			runOnlyForDeploymentPostprocessing = 0;
		};
/* End PBXResourcesBuildPhase section */

/* Begin PBXSourcesBuildPhase section */
		8454CCFD29AC4EF900E825C3 /* Sources */ = {
			isa = PBXSourcesBuildPhase;
			buildActionMask = 2147483647;
			files = (
				8454CD0729AC4EF900E825C3 /* ContentView.swift in Sources */,
				8454CD0529AC4EF900E825C3 /* ios_swiftui_swiftApp.swift in Sources */,
			);
			runOnlyForDeploymentPostprocessing = 0;
		};
		8454CD0D29AC4EFA00E825C3 /* Sources */ = {
			isa = PBXSourcesBuildPhase;
			buildActionMask = 2147483647;
			files = (
				8454CD1629AC4EFA00E825C3 /* ios_swiftui_swiftTests.swift in Sources */,
			);
			runOnlyForDeploymentPostprocessing = 0;
		};
		8454CD1729AC4EFA00E825C3 /* Sources */ = {
			isa = PBXSourcesBuildPhase;
			buildActionMask = 2147483647;
			files = (
				8454CD2229AC4EFA00E825C3 /* ios_swiftui_swiftUITestsLaunchTests.swift in Sources */,
				8454CD2029AC4EFA00E825C3 /* ios_swiftui_swiftUITests.swift in Sources */,
			);
			runOnlyForDeploymentPostprocessing = 0;
		};
/* End PBXSourcesBuildPhase section */

/* Begin PBXTargetDependency section */
		8454CD1329AC4EFA00E825C3 /* PBXTargetDependency */ = {
			isa = PBXTargetDependency;
			target = 8454CD0029AC4EF900E825C3 /* ios-swiftui-swift */;
			targetProxy = 8454CD1229AC4EFA00E825C3 /* PBXContainerItemProxy */;
		};
		8454CD1D29AC4EFA00E825C3 /* PBXTargetDependency */ = {
			isa = PBXTargetDependency;
			target = 8454CD0029AC4EF900E825C3 /* ios-swiftui-swift */;
			targetProxy = 8454CD1C29AC4EFA00E825C3 /* PBXContainerItemProxy */;
		};
/* End PBXTargetDependency section */

/* Begin XCBuildConfiguration section */
		8454CD2329AC4EFA00E825C3 /* Debug */ = {
			isa = XCBuildConfiguration;
			buildSettings = {
				ALWAYS_SEARCH_USER_PATHS = NO;
				CLANG_ANALYZER_NONNULL = YES;
				CLANG_ANALYZER_NUMBER_OBJECT_CONVERSION = YES_AGGRESSIVE;
				CLANG_CXX_LANGUAGE_STANDARD = "gnu++20";
				CLANG_ENABLE_MODULES = YES;
				CLANG_ENABLE_OBJC_ARC = YES;
				CLANG_ENABLE_OBJC_WEAK = YES;
				CLANG_WARN_BLOCK_CAPTURE_AUTORELEASING = YES;
				CLANG_WARN_BOOL_CONVERSION = YES;
				CLANG_WARN_COMMA = YES;
				CLANG_WARN_CONSTANT_CONVERSION = YES;
				CLANG_WARN_DEPRECATED_OBJC_IMPLEMENTATIONS = YES;
				CLANG_WARN_DIRECT_OBJC_ISA_USAGE = YES_ERROR;
				CLANG_WARN_DOCUMENTATION_COMMENTS = YES;
				CLANG_WARN_EMPTY_BODY = YES;
				CLANG_WARN_ENUM_CONVERSION = YES;
				CLANG_WARN_INFINITE_RECURSION = YES;
				CLANG_WARN_INT_CONVERSION = YES;
				CLANG_WARN_NON_LITERAL_NULL_CONVERSION = YES;
				CLANG_WARN_OBJC_IMPLICIT_RETAIN_SELF = YES;
				CLANG_WARN_OBJC_LITERAL_CONVERSION = YES;
				CLANG_WARN_OBJC_ROOT_CLASS = YES_ERROR;
				CLANG_WARN_QUOTED_INCLUDE_IN_FRAMEWORK_HEADER = YES;
				CLANG_WARN_RANGE_LOOP_ANALYSIS = YES;
				CLANG_WARN_STRICT_PROTOTYPES = YES;
				CLANG_WARN_SUSPICIOUS_MOVE = YES;
				CLANG_WARN_UNGUARDED_AVAILABILITY = YES_AGGRESSIVE;
				CLANG_WARN_UNREACHABLE_CODE = YES;
				CLANG_WARN__DUPLICATE_METHOD_MATCH = YES;
				COPY_PHASE_STRIP = NO;
				DEBUG_INFORMATION_FORMAT = dwarf;
				ENABLE_STRICT_OBJC_MSGSEND = YES;
				ENABLE_TESTABILITY = YES;
				GCC_C_LANGUAGE_STANDARD = gnu11;
				GCC_DYNAMIC_NO_PIC = NO;
				GCC_NO_COMMON_BLOCKS = YES;
				GCC_OPTIMIZATION_LEVEL = 0;
				GCC_PREPROCESSOR_DEFINITIONS = (
					"DEBUG=1",
					"$(inherited)",
				);
				GCC_WARN_64_TO_32_BIT_CONVERSION = YES;
				GCC_WARN_ABOUT_RETURN_TYPE = YES_ERROR;
				GCC_WARN_UNDECLARED_SELECTOR = YES;
				GCC_WARN_UNINITIALIZED_AUTOS = YES_AGGRESSIVE;
				GCC_WARN_UNUSED_FUNCTION = YES;
				GCC_WARN_UNUSED_VARIABLE = YES;
				IPHONEOS_DEPLOYMENT_TARGET = 16.0;
				MTL_ENABLE_DEBUG_INFO = INCLUDE_SOURCE;
				MTL_FAST_MATH = YES;
				ONLY_ACTIVE_ARCH = YES;
				SDKROOT = iphoneos;
				SWIFT_ACTIVE_COMPILATION_CONDITIONS = DEBUG;
				SWIFT_OPTIMIZATION_LEVEL = "-Onone";
			};
			name = Debug;
		};
		8454CD2429AC4EFA00E825C3 /* Release */ = {
			isa = XCBuildConfiguration;
			buildSettings = {
				ALWAYS_SEARCH_USER_PATHS = NO;
				CLANG_ANALYZER_NONNULL = YES;
				CLANG_ANALYZER_NUMBER_OBJECT_CONVERSION = YES_AGGRESSIVE;
				CLANG_CXX_LANGUAGE_STANDARD = "gnu++20";
				CLANG_ENABLE_MODULES = YES;
				CLANG_ENABLE_OBJC_ARC = YES;
				CLANG_ENABLE_OBJC_WEAK = YES;
				CLANG_WARN_BLOCK_CAPTURE_AUTORELEASING = YES;
				CLANG_WARN_BOOL_CONVERSION = YES;
				CLANG_WARN_COMMA = YES;
				CLANG_WARN_CONSTANT_CONVERSION = YES;
				CLANG_WARN_DEPRECATED_OBJC_IMPLEMENTATIONS = YES;
				CLANG_WARN_DIRECT_OBJC_ISA_USAGE = YES_ERROR;
				CLANG_WARN_DOCUMENTATION_COMMENTS = YES;
				CLANG_WARN_EMPTY_BODY = YES;
				CLANG_WARN_ENUM_CONVERSION = YES;
				CLANG_WARN_INFINITE_RECURSION = YES;
				CLANG_WARN_INT_CONVERSION = YES;
				CLANG_WARN_NON_LITERAL_NULL_CONVERSION = YES;
				CLANG_WARN_OBJC_IMPLICIT_RETAIN_SELF = YES;
				CLANG_WARN_OBJC_LITERAL_CONVERSION = YES;
				CLANG_WARN_OBJC_ROOT_CLASS = YES_ERROR;
				CLANG_WARN_QUOTED_INCLUDE_IN_FRAMEWORK_HEADER = YES;
				CLANG_WARN_RANGE_LOOP_ANALYSIS = YES;
				CLANG_WARN_STRICT_PROTOTYPES = YES;
				CLANG_WARN_SUSPICIOUS_MOVE = YES;
				CLANG_WARN_UNGUARDED_AVAILABILITY = YES_AGGRESSIVE;
				CLANG_WARN_UNREACHABLE_CODE = YES;
				CLANG_WARN__DUPLICATE_METHOD_MATCH = YES;
				COPY_PHASE_STRIP = NO;
				DEBUG_INFORMATION_FORMAT = "dwarf-with-dsym";
				ENABLE_NS_ASSERTIONS = NO;
				ENABLE_STRICT_OBJC_MSGSEND = YES;
				GCC_C_LANGUAGE_STANDARD = gnu11;
				GCC_NO_COMMON_BLOCKS = YES;
				GCC_WARN_64_TO_32_BIT_CONVERSION = YES;
				GCC_WARN_ABOUT_RETURN_TYPE = YES_ERROR;
				GCC_WARN_UNDECLARED_SELECTOR = YES;
				GCC_WARN_UNINITIALIZED_AUTOS = YES_AGGRESSIVE;
				GCC_WARN_UNUSED_FUNCTION = YES;
				GCC_WARN_UNUSED_VARIABLE = YES;
				IPHONEOS_DEPLOYMENT_TARGET = 16.0;
				MTL_ENABLE_DEBUG_INFO = NO;
				MTL_FAST_MATH = YES;
				SDKROOT = iphoneos;
				SWIFT_COMPILATION_MODE = wholemodule;
				SWIFT_OPTIMIZATION_LEVEL = "-O";
				VALIDATE_PRODUCT = YES;
			};
			name = Release;
		};
		8454CD2629AC4EFA00E825C3 /* Debug */ = {
			isa = XCBuildConfiguration;
			buildSettings = {
				ASSETCATALOG_COMPILER_APPICON_NAME = AppIcon;
				ASSETCATALOG_COMPILER_GLOBAL_ACCENT_COLOR_NAME = AccentColor;
				CODE_SIGN_STYLE = Automatic;
				CURRENT_PROJECT_VERSION = 1;
				DEVELOPMENT_ASSET_PATHS = "\"ios-swiftui-swift/Preview Content\"";
				ENABLE_PREVIEWS = YES;
				GENERATE_INFOPLIST_FILE = YES;
				INFOPLIST_KEY_UIApplicationSceneManifest_Generation = YES;
				INFOPLIST_KEY_UIApplicationSupportsIndirectInputEvents = YES;
				INFOPLIST_KEY_UILaunchScreen_Generation = YES;
				INFOPLIST_KEY_UISupportedInterfaceOrientations_iPad = "UIInterfaceOrientationPortrait UIInterfaceOrientationPortraitUpsideDown UIInterfaceOrientationLandscapeLeft UIInterfaceOrientationLandscapeRight";
				INFOPLIST_KEY_UISupportedInterfaceOrientations_iPhone = "UIInterfaceOrientationPortrait UIInterfaceOrientationLandscapeLeft UIInterfaceOrientationLandscapeRight";
				LD_RUNPATH_SEARCH_PATHS = (
					"$(inherited)",
					"@executable_path/Frameworks",
				);
				MARKETING_VERSION = 1.0;
				PRODUCT_BUNDLE_IDENTIFIER = "io.github.aidenkoog.ios.ios-swiftui-swift";
				PRODUCT_NAME = "$(TARGET_NAME)";
				SWIFT_EMIT_LOC_STRINGS = YES;
				SWIFT_VERSION = 5.0;
				TARGETED_DEVICE_FAMILY = "1,2";
			};
			name = Debug;
		};
		8454CD2729AC4EFA00E825C3 /* Release */ = {
			isa = XCBuildConfiguration;
			buildSettings = {
				ASSETCATALOG_COMPILER_APPICON_NAME = AppIcon;
				ASSETCATALOG_COMPILER_GLOBAL_ACCENT_COLOR_NAME = AccentColor;
				CODE_SIGN_STYLE = Automatic;
				CURRENT_PROJECT_VERSION = 1;
				DEVELOPMENT_ASSET_PATHS = "\"ios-swiftui-swift/Preview Content\"";
				ENABLE_PREVIEWS = YES;
				GENERATE_INFOPLIST_FILE = YES;
				INFOPLIST_KEY_UIApplicationSceneManifest_Generation = YES;
				INFOPLIST_KEY_UIApplicationSupportsIndirectInputEvents = YES;
				INFOPLIST_KEY_UILaunchScreen_Generation = YES;
				INFOPLIST_KEY_UISupportedInterfaceOrientations_iPad = "UIInterfaceOrientationPortrait UIInterfaceOrientationPortraitUpsideDown UIInterfaceOrientationLandscapeLeft UIInterfaceOrientationLandscapeRight";
				INFOPLIST_KEY_UISupportedInterfaceOrientations_iPhone = "UIInterfaceOrientationPortrait UIInterfaceOrientationLandscapeLeft UIInterfaceOrientationLandscapeRight";
				LD_RUNPATH_SEARCH_PATHS = (
					"$(inherited)",
					"@executable_path/Frameworks",
				);
				MARKETING_VERSION = 1.0;
				PRODUCT_BUNDLE_IDENTIFIER = "io.github.aidenkoog.ios.ios-swiftui-swift";
				PRODUCT_NAME = "$(TARGET_NAME)";
				SWIFT_EMIT_LOC_STRINGS = YES;
				SWIFT_VERSION = 5.0;
				TARGETED_DEVICE_FAMILY = "1,2";
			};
			name = Release;
		};
		8454CD2929AC4EFA00E825C3 /* Debug */ = {
			isa = XCBuildConfiguration;
			buildSettings = {
				ALWAYS_EMBED_SWIFT_STANDARD_LIBRARIES = YES;
				BUNDLE_LOADER = "$(TEST_HOST)";
				CODE_SIGN_STYLE = Automatic;
				CURRENT_PROJECT_VERSION = 1;
				GENERATE_INFOPLIST_FILE = YES;
				IPHONEOS_DEPLOYMENT_TARGET = 16.0;
				MARKETING_VERSION = 1.0;
				PRODUCT_BUNDLE_IDENTIFIER = "io.github.aidenkoog.ios.ios-swiftui-swiftTests";
				PRODUCT_NAME = "$(TARGET_NAME)";
				SWIFT_EMIT_LOC_STRINGS = NO;
				SWIFT_VERSION = 5.0;
				TARGETED_DEVICE_FAMILY = "1,2";
				TEST_HOST = "$(BUILT_PRODUCTS_DIR)/ios-swiftui-swift.app/$(BUNDLE_EXECUTABLE_FOLDER_PATH)/ios-swiftui-swift";
			};
			name = Debug;
		};
		8454CD2A29AC4EFA00E825C3 /* Release */ = {
			isa = XCBuildConfiguration;
			buildSettings = {
				ALWAYS_EMBED_SWIFT_STANDARD_LIBRARIES = YES;
				BUNDLE_LOADER = "$(TEST_HOST)";
				CODE_SIGN_STYLE = Automatic;
				CURRENT_PROJECT_VERSION = 1;
				GENERATE_INFOPLIST_FILE = YES;
				IPHONEOS_DEPLOYMENT_TARGET = 16.0;
				MARKETING_VERSION = 1.0;
				PRODUCT_BUNDLE_IDENTIFIER = "io.github.aidenkoog.ios.ios-swiftui-swiftTests";
				PRODUCT_NAME = "$(TARGET_NAME)";
				SWIFT_EMIT_LOC_STRINGS = NO;
				SWIFT_VERSION = 5.0;
				TARGETED_DEVICE_FAMILY = "1,2";
				TEST_HOST = "$(BUILT_PRODUCTS_DIR)/ios-swiftui-swift.app/$(BUNDLE_EXECUTABLE_FOLDER_PATH)/ios-swiftui-swift";
			};
			name = Release;
		};
		8454CD2C29AC4EFA00E825C3 /* Debug */ = {
			isa = XCBuildConfiguration;
			buildSettings = {
				ALWAYS_EMBED_SWIFT_STANDARD_LIBRARIES = YES;
				CODE_SIGN_STYLE = Automatic;
				CURRENT_PROJECT_VERSION = 1;
				GENERATE_INFOPLIST_FILE = YES;
				MARKETING_VERSION = 1.0;
				PRODUCT_BUNDLE_IDENTIFIER = "io.github.aidenkoog.ios.ios-swiftui-swiftUITests";
				PRODUCT_NAME = "$(TARGET_NAME)";
				SWIFT_EMIT_LOC_STRINGS = NO;
				SWIFT_VERSION = 5.0;
				TARGETED_DEVICE_FAMILY = "1,2";
				TEST_TARGET_NAME = "ios-swiftui-swift";
			};
			name = Debug;
		};
		8454CD2D29AC4EFA00E825C3 /* Release */ = {
			isa = XCBuildConfiguration;
			buildSettings = {
				ALWAYS_EMBED_SWIFT_STANDARD_LIBRARIES = YES;
				CODE_SIGN_STYLE = Automatic;
				CURRENT_PROJECT_VERSION = 1;
				GENERATE_INFOPLIST_FILE = YES;
				MARKETING_VERSION = 1.0;
				PRODUCT_BUNDLE_IDENTIFIER = "io.github.aidenkoog.ios.ios-swiftui-swiftUITests";
				PRODUCT_NAME = "$(TARGET_NAME)";
				SWIFT_EMIT_LOC_STRINGS = NO;
				SWIFT_VERSION = 5.0;
				TARGETED_DEVICE_FAMILY = "1,2";
				TEST_TARGET_NAME = "ios-swiftui-swift";
			};
			name = Release;
		};
/* End XCBuildConfiguration section */

/* Begin XCConfigurationList section */
		8454CCFC29AC4EF900E825C3 /* Build configuration list for PBXProject "ios-swiftui-swift" */ = {
			isa = XCConfigurationList;
			buildConfigurations = (
				8454CD2329AC4EFA00E825C3 /* Debug */,
				8454CD2429AC4EFA00E825C3 /* Release */,
			);
			defaultConfigurationIsVisible = 0;
			defaultConfigurationName = Release;
		};
		8454CD2529AC4EFA00E825C3 /* Build configuration list for PBXNativeTarget "ios-swiftui-swift" */ = {
			isa = XCConfigurationList;
			buildConfigurations = (
				8454CD2629AC4EFA00E825C3 /* Debug */,
				8454CD2729AC4EFA00E825C3 /* Release */,
			);
			defaultConfigurationIsVisible = 0;
			defaultConfigurationName = Release;
		};
		8454CD2829AC4EFA00E825C3 /* Build configuration list for PBXNativeTarget "ios-swiftui-swiftTests" */ = {
			isa = XCConfigurationList;
			buildConfigurations = (
				8454CD2929AC4EFA00E825C3 /* Debug */,
				8454CD2A29AC4EFA00E825C3 /* Release */,
			);
			defaultConfigurationIsVisible = 0;
			defaultConfigurationName = Release;
		};
		8454CD2B29AC4EFA00E825C3 /* Build configuration list for PBXNativeTarget "ios-swiftui-swiftUITests" */ = {
			isa = XCConfigurationList;
			buildConfigurations = (
				8454CD2C29AC4EFA00E825C3 /* Debug */,
				8454CD2D29AC4EFA00E825C3 /* Release */,
			);
			defaultConfigurationIsVisible = 0;
			defaultConfigurationName = Release;
		};
/* End XCConfigurationList section */
	};
	rootObject = 8454CCF929AC4EF900E825C3 /* Project object */;
}
